// !$*UTF8*$!
{
	archiveVersion = 1;
	classes = {
	};
	objectVersion = 46;
	objects = {

/* Begin PBXBuildFile section */
		2C28B1931A753D450059421D /* libboost_atomic.dylib in Frameworks */ = {isa = PBXBuildFile; fileRef = 2C28B1781A753D450059421D /* libboost_atomic.dylib */; };
		2C28B1941A753D450059421D /* libboost_chrono.dylib in Frameworks */ = {isa = PBXBuildFile; fileRef = 2C28B1791A753D450059421D /* libboost_chrono.dylib */; };
		2C28B1951A753D450059421D /* libboost_container.dylib in Frameworks */ = {isa = PBXBuildFile; fileRef = 2C28B17A1A753D450059421D /* libboost_container.dylib */; };
		2C28B1961A753D450059421D /* libboost_context.dylib in Frameworks */ = {isa = PBXBuildFile; fileRef = 2C28B17B1A753D450059421D /* libboost_context.dylib */; };
		2C28B1971A753D450059421D /* libboost_coroutine.dylib in Frameworks */ = {isa = PBXBuildFile; fileRef = 2C28B17C1A753D450059421D /* libboost_coroutine.dylib */; };
		2C28B1981A753D450059421D /* libboost_date_time.dylib in Frameworks */ = {isa = PBXBuildFile; fileRef = 2C28B17D1A753D450059421D /* libboost_date_time.dylib */; };
		2C28B1991A753D450059421D /* libboost_filesystem.dylib in Frameworks */ = {isa = PBXBuildFile; fileRef = 2C28B17E1A753D450059421D /* libboost_filesystem.dylib */; };
		2C28B19A1A753D450059421D /* libboost_graph.dylib in Frameworks */ = {isa = PBXBuildFile; fileRef = 2C28B17F1A753D450059421D /* libboost_graph.dylib */; };
		2C28B19B1A753D450059421D /* libboost_iostreams.dylib in Frameworks */ = {isa = PBXBuildFile; fileRef = 2C28B1801A753D450059421D /* libboost_iostreams.dylib */; };
		2C28B19C1A753D450059421D /* libboost_locale.dylib in Frameworks */ = {isa = PBXBuildFile; fileRef = 2C28B1811A753D450059421D /* libboost_locale.dylib */; };
		2C28B19D1A753D450059421D /* libboost_log_setup.dylib in Frameworks */ = {isa = PBXBuildFile; fileRef = 2C28B1821A753D450059421D /* libboost_log_setup.dylib */; };
		2C28B19E1A753D450059421D /* libboost_log.dylib in Frameworks */ = {isa = PBXBuildFile; fileRef = 2C28B1831A753D450059421D /* libboost_log.dylib */; };
		2C28B19F1A753D450059421D /* libboost_math_c99.dylib in Frameworks */ = {isa = PBXBuildFile; fileRef = 2C28B1841A753D450059421D /* libboost_math_c99.dylib */; };
		2C28B1A01A753D450059421D /* libboost_math_c99f.dylib in Frameworks */ = {isa = PBXBuildFile; fileRef = 2C28B1851A753D450059421D /* libboost_math_c99f.dylib */; };
		2C28B1A11A753D450059421D /* libboost_math_c99l.dylib in Frameworks */ = {isa = PBXBuildFile; fileRef = 2C28B1861A753D450059421D /* libboost_math_c99l.dylib */; };
		2C28B1A21A753D450059421D /* libboost_math_tr1.dylib in Frameworks */ = {isa = PBXBuildFile; fileRef = 2C28B1871A753D450059421D /* libboost_math_tr1.dylib */; };
		2C28B1A31A753D450059421D /* libboost_math_tr1f.dylib in Frameworks */ = {isa = PBXBuildFile; fileRef = 2C28B1881A753D450059421D /* libboost_math_tr1f.dylib */; };
		2C28B1A41A753D450059421D /* libboost_math_tr1l.dylib in Frameworks */ = {isa = PBXBuildFile; fileRef = 2C28B1891A753D450059421D /* libboost_math_tr1l.dylib */; };
		2C28B1A51A753D450059421D /* libboost_prg_exec_monitor.dylib in Frameworks */ = {isa = PBXBuildFile; fileRef = 2C28B18A1A753D450059421D /* libboost_prg_exec_monitor.dylib */; };
		2C28B1A61A753D450059421D /* libboost_program_options.dylib in Frameworks */ = {isa = PBXBuildFile; fileRef = 2C28B18B1A753D450059421D /* libboost_program_options.dylib */; };
		2C28B1A71A753D450059421D /* libboost_python.dylib in Frameworks */ = {isa = PBXBuildFile; fileRef = 2C28B18C1A753D450059421D /* libboost_python.dylib */; };
		2C28B1A81A753D450059421D /* libboost_regex.dylib in Frameworks */ = {isa = PBXBuildFile; fileRef = 2C28B18D1A753D450059421D /* libboost_regex.dylib */; };
		2C28B1A91A753D450059421D /* libboost_serialization.dylib in Frameworks */ = {isa = PBXBuildFile; fileRef = 2C28B18E1A753D450059421D /* libboost_serialization.dylib */; };
		2C28B1AA1A753D450059421D /* libboost_signals.dylib in Frameworks */ = {isa = PBXBuildFile; fileRef = 2C28B18F1A753D450059421D /* libboost_signals.dylib */; };
		2C28B1AB1A753D450059421D /* libboost_thread.dylib in Frameworks */ = {isa = PBXBuildFile; fileRef = 2C28B1901A753D450059421D /* libboost_thread.dylib */; };
		2C28B1AC1A753D450059421D /* libboost_timer.dylib in Frameworks */ = {isa = PBXBuildFile; fileRef = 2C28B1911A753D450059421D /* libboost_timer.dylib */; };
		2C28B1AD1A753D450059421D /* libboost_wserialization.dylib in Frameworks */ = {isa = PBXBuildFile; fileRef = 2C28B1921A753D450059421D /* libboost_wserialization.dylib */; };
		2C2DF9E71A49F85F005E6547 /* main.cpp in Sources */ = {isa = PBXBuildFile; fileRef = 2C2DF9E61A49F85F005E6547 /* main.cpp */; };
		2C3827241A6BFEC3004FBDBB /* libboost_random.dylib in Frameworks */ = {isa = PBXBuildFile; fileRef = 2C3827221A6BFEC3004FBDBB /* libboost_random.dylib */; };
		2C3827251A6BFEC3004FBDBB /* libboost_system.dylib in Frameworks */ = {isa = PBXBuildFile; fileRef = 2C3827231A6BFEC3004FBDBB /* libboost_system.dylib */; };
		2C53FDD11A62998900DEC287 /* BoostJsonParser.cpp in Sources */ = {isa = PBXBuildFile; fileRef = 2C53FDCF1A62998900DEC287 /* BoostJsonParser.cpp */; };
		2C619DC31A5329D0006C1222 /* RestClient.cpp in Sources */ = {isa = PBXBuildFile; fileRef = 2C619DC11A5329D0006C1222 /* RestClient.cpp */; };
		2C8FA2231A697D980087A879 /* MongoDbDataRepository.cpp in Sources */ = {isa = PBXBuildFile; fileRef = 2C8FA2211A697D980087A879 /* MongoDbDataRepository.cpp */; };
		2CDD47DC1A51EE85008F1097 /* BNetApiDataLoader.cpp in Sources */ = {isa = PBXBuildFile; fileRef = 2CDD47DA1A51EE85008F1097 /* BNetApiDataLoader.cpp */; };
		2CF29E4F1A7958FC002C2E83 /* libmongoclient.a in Frameworks */ = {isa = PBXBuildFile; fileRef = 2CF29E4E1A7958FC002C2E83 /* libmongoclient.a */; };
/* End PBXBuildFile section */

/* Begin PBXCopyFilesBuildPhase section */
		2C2DF9E11A49F85F005E6547 /* CopyFiles */ = {
			isa = PBXCopyFilesBuildPhase;
			buildActionMask = 2147483647;
			dstPath = /usr/share/man/man1/;
			dstSubfolderSpec = 0;
			files = (
			);
			runOnlyForDeploymentPostprocessing = 1;
		};
/* End PBXCopyFilesBuildPhase section */

/* Begin PBXFileReference section */
		2C025A961A683F5300B2CF00 /* Dictionaries.h */ = {isa = PBXFileReference; lastKnownFileType = sourcecode.c.h; path = Dictionaries.h; sourceTree = "<group>"; };
		2C1CEC791A66FB5100235592 /* bonusStats */ = {isa = PBXFileReference; lastKnownFileType = text; path = bonusStats; sourceTree = "<group>"; };
		2C28B1781A753D450059421D /* libboost_atomic.dylib */ = {isa = PBXFileReference; lastKnownFileType = "compiled.mach-o.dylib"; name = libboost_atomic.dylib; path = ../../../../../Development/CPP/libs/lib/libboost_atomic.dylib; sourceTree = "<group>"; };
		2C28B1791A753D450059421D /* libboost_chrono.dylib */ = {isa = PBXFileReference; lastKnownFileType = "compiled.mach-o.dylib"; name = libboost_chrono.dylib; path = ../../../../../Development/CPP/libs/lib/libboost_chrono.dylib; sourceTree = "<group>"; };
		2C28B17A1A753D450059421D /* libboost_container.dylib */ = {isa = PBXFileReference; lastKnownFileType = "compiled.mach-o.dylib"; name = libboost_container.dylib; path = ../../../../../Development/CPP/libs/lib/libboost_container.dylib; sourceTree = "<group>"; };
		2C28B17B1A753D450059421D /* libboost_context.dylib */ = {isa = PBXFileReference; lastKnownFileType = "compiled.mach-o.dylib"; name = libboost_context.dylib; path = ../../../../../Development/CPP/libs/lib/libboost_context.dylib; sourceTree = "<group>"; };
		2C28B17C1A753D450059421D /* libboost_coroutine.dylib */ = {isa = PBXFileReference; lastKnownFileType = "compiled.mach-o.dylib"; name = libboost_coroutine.dylib; path = ../../../../../Development/CPP/libs/lib/libboost_coroutine.dylib; sourceTree = "<group>"; };
		2C28B17D1A753D450059421D /* libboost_date_time.dylib */ = {isa = PBXFileReference; lastKnownFileType = "compiled.mach-o.dylib"; name = libboost_date_time.dylib; path = ../../../../../Development/CPP/libs/lib/libboost_date_time.dylib; sourceTree = "<group>"; };
		2C28B17E1A753D450059421D /* libboost_filesystem.dylib */ = {isa = PBXFileReference; lastKnownFileType = "compiled.mach-o.dylib"; name = libboost_filesystem.dylib; path = ../../../../../Development/CPP/libs/lib/libboost_filesystem.dylib; sourceTree = "<group>"; };
		2C28B17F1A753D450059421D /* libboost_graph.dylib */ = {isa = PBXFileReference; lastKnownFileType = "compiled.mach-o.dylib"; name = libboost_graph.dylib; path = ../../../../../Development/CPP/libs/lib/libboost_graph.dylib; sourceTree = "<group>"; };
		2C28B1801A753D450059421D /* libboost_iostreams.dylib */ = {isa = PBXFileReference; lastKnownFileType = "compiled.mach-o.dylib"; name = libboost_iostreams.dylib; path = ../../../../../Development/CPP/libs/lib/libboost_iostreams.dylib; sourceTree = "<group>"; };
		2C28B1811A753D450059421D /* libboost_locale.dylib */ = {isa = PBXFileReference; lastKnownFileType = "compiled.mach-o.dylib"; name = libboost_locale.dylib; path = ../../../../../Development/CPP/libs/lib/libboost_locale.dylib; sourceTree = "<group>"; };
		2C28B1821A753D450059421D /* libboost_log_setup.dylib */ = {isa = PBXFileReference; lastKnownFileType = "compiled.mach-o.dylib"; name = libboost_log_setup.dylib; path = ../../../../../Development/CPP/libs/lib/libboost_log_setup.dylib; sourceTree = "<group>"; };
		2C28B1831A753D450059421D /* libboost_log.dylib */ = {isa = PBXFileReference; lastKnownFileType = "compiled.mach-o.dylib"; name = libboost_log.dylib; path = ../../../../../Development/CPP/libs/lib/libboost_log.dylib; sourceTree = "<group>"; };
		2C28B1841A753D450059421D /* libboost_math_c99.dylib */ = {isa = PBXFileReference; lastKnownFileType = "compiled.mach-o.dylib"; name = libboost_math_c99.dylib; path = ../../../../../Development/CPP/libs/lib/libboost_math_c99.dylib; sourceTree = "<group>"; };
		2C28B1851A753D450059421D /* libboost_math_c99f.dylib */ = {isa = PBXFileReference; lastKnownFileType = "compiled.mach-o.dylib"; name = libboost_math_c99f.dylib; path = ../../../../../Development/CPP/libs/lib/libboost_math_c99f.dylib; sourceTree = "<group>"; };
		2C28B1861A753D450059421D /* libboost_math_c99l.dylib */ = {isa = PBXFileReference; lastKnownFileType = "compiled.mach-o.dylib"; name = libboost_math_c99l.dylib; path = ../../../../../Development/CPP/libs/lib/libboost_math_c99l.dylib; sourceTree = "<group>"; };
		2C28B1871A753D450059421D /* libboost_math_tr1.dylib */ = {isa = PBXFileReference; lastKnownFileType = "compiled.mach-o.dylib"; name = libboost_math_tr1.dylib; path = ../../../../../Development/CPP/libs/lib/libboost_math_tr1.dylib; sourceTree = "<group>"; };
		2C28B1881A753D450059421D /* libboost_math_tr1f.dylib */ = {isa = PBXFileReference; lastKnownFileType = "compiled.mach-o.dylib"; name = libboost_math_tr1f.dylib; path = ../../../../../Development/CPP/libs/lib/libboost_math_tr1f.dylib; sourceTree = "<group>"; };
		2C28B1891A753D450059421D /* libboost_math_tr1l.dylib */ = {isa = PBXFileReference; lastKnownFileType = "compiled.mach-o.dylib"; name = libboost_math_tr1l.dylib; path = ../../../../../Development/CPP/libs/lib/libboost_math_tr1l.dylib; sourceTree = "<group>"; };
		2C28B18A1A753D450059421D /* libboost_prg_exec_monitor.dylib */ = {isa = PBXFileReference; lastKnownFileType = "compiled.mach-o.dylib"; name = libboost_prg_exec_monitor.dylib; path = ../../../../../Development/CPP/libs/lib/libboost_prg_exec_monitor.dylib; sourceTree = "<group>"; };
		2C28B18B1A753D450059421D /* libboost_program_options.dylib */ = {isa = PBXFileReference; lastKnownFileType = "compiled.mach-o.dylib"; name = libboost_program_options.dylib; path = ../../../../../Development/CPP/libs/lib/libboost_program_options.dylib; sourceTree = "<group>"; };
		2C28B18C1A753D450059421D /* libboost_python.dylib */ = {isa = PBXFileReference; lastKnownFileType = "compiled.mach-o.dylib"; name = libboost_python.dylib; path = ../../../../../Development/CPP/libs/lib/libboost_python.dylib; sourceTree = "<group>"; };
		2C28B18D1A753D450059421D /* libboost_regex.dylib */ = {isa = PBXFileReference; lastKnownFileType = "compiled.mach-o.dylib"; name = libboost_regex.dylib; path = ../../../../../Development/CPP/libs/lib/libboost_regex.dylib; sourceTree = "<group>"; };
		2C28B18E1A753D450059421D /* libboost_serialization.dylib */ = {isa = PBXFileReference; lastKnownFileType = "compiled.mach-o.dylib"; name = libboost_serialization.dylib; path = ../../../../../Development/CPP/libs/lib/libboost_serialization.dylib; sourceTree = "<group>"; };
		2C28B18F1A753D450059421D /* libboost_signals.dylib */ = {isa = PBXFileReference; lastKnownFileType = "compiled.mach-o.dylib"; name = libboost_signals.dylib; path = ../../../../../Development/CPP/libs/lib/libboost_signals.dylib; sourceTree = "<group>"; };
		2C28B1901A753D450059421D /* libboost_thread.dylib */ = {isa = PBXFileReference; lastKnownFileType = "compiled.mach-o.dylib"; name = libboost_thread.dylib; path = ../../../../../Development/CPP/libs/lib/libboost_thread.dylib; sourceTree = "<group>"; };
		2C28B1911A753D450059421D /* libboost_timer.dylib */ = {isa = PBXFileReference; lastKnownFileType = "compiled.mach-o.dylib"; name = libboost_timer.dylib; path = ../../../../../Development/CPP/libs/lib/libboost_timer.dylib; sourceTree = "<group>"; };
		2C28B1921A753D450059421D /* libboost_wserialization.dylib */ = {isa = PBXFileReference; lastKnownFileType = "compiled.mach-o.dylib"; name = libboost_wserialization.dylib; path = ../../../../../Development/CPP/libs/lib/libboost_wserialization.dylib; sourceTree = "<group>"; };
		2C2DF9E31A49F85F005E6547 /* WoWDataDownloader */ = {isa = PBXFileReference; explicitFileType = "compiled.mach-o.executable"; includeInIndex = 0; path = WoWDataDownloader; sourceTree = BUILT_PRODUCTS_DIR; };
		2C2DF9E61A49F85F005E6547 /* main.cpp */ = {isa = PBXFileReference; lastKnownFileType = sourcecode.cpp.cpp; path = main.cpp; sourceTree = "<group>"; };
		2C3827221A6BFEC3004FBDBB /* libboost_random.dylib */ = {isa = PBXFileReference; lastKnownFileType = "compiled.mach-o.dylib"; name = libboost_random.dylib; path = ../../../../../Development/CPP/libs/lib/libboost_random.dylib; sourceTree = "<group>"; };
		2C3827231A6BFEC3004FBDBB /* libboost_system.dylib */ = {isa = PBXFileReference; lastKnownFileType = "compiled.mach-o.dylib"; name = libboost_system.dylib; path = ../../../../../Development/CPP/libs/lib/libboost_system.dylib; sourceTree = "<group>"; };
		2C4025481A9B85B3007EDE05 /* MongoHelpers.h */ = {isa = PBXFileReference; fileEncoding = 4; lastKnownFileType = sourcecode.c.h; path = MongoHelpers.h; sourceTree = "<group>"; };
		2C53FDCD1A6288EC00DEC287 /* RequestResult.h */ = {isa = PBXFileReference; lastKnownFileType = sourcecode.c.h; path = RequestResult.h; sourceTree = "<group>"; };
		2C53FDCE1A6298EC00DEC287 /* IJsonParser.h */ = {isa = PBXFileReference; lastKnownFileType = sourcecode.c.h; path = IJsonParser.h; sourceTree = "<group>"; };
		2C53FDCF1A62998900DEC287 /* BoostJsonParser.cpp */ = {isa = PBXFileReference; fileEncoding = 4; lastKnownFileType = sourcecode.cpp.cpp; path = BoostJsonParser.cpp; sourceTree = "<group>"; };
		2C53FDD01A62998900DEC287 /* BoostJsonParser.h */ = {isa = PBXFileReference; fileEncoding = 4; lastKnownFileType = sourcecode.c.h; path = BoostJsonParser.h; sourceTree = "<group>"; };
		2C5CAD5E1A6ED59000599AEF /* IAdminService.h */ = {isa = PBXFileReference; lastKnownFileType = sourcecode.c.h; path = IAdminService.h; sourceTree = "<group>"; };
		2C619DC11A5329D0006C1222 /* RestClient.cpp */ = {isa = PBXFileReference; fileEncoding = 4; lastKnownFileType = sourcecode.cpp.cpp; path = RestClient.cpp; sourceTree = "<group>"; };
		2C619DC21A5329D0006C1222 /* RestClient.h */ = {isa = PBXFileReference; fileEncoding = 4; lastKnownFileType = sourcecode.c.h; path = RestClient.h; sourceTree = "<group>"; };
		2C619DC41A532B0B006C1222 /* IWebClient.h */ = {isa = PBXFileReference; lastKnownFileType = sourcecode.c.h; path = IWebClient.h; sourceTree = "<group>"; };
		2C8E86F51A4B44E000620501 /* Item.h */ = {isa = PBXFileReference; fileEncoding = 4; lastKnownFileType = sourcecode.c.h; path = Item.h; sourceTree = "<group>"; };
		2C8FA21F1A697CCB0087A879 /* IWowDataRepository.h */ = {isa = PBXFileReference; fileEncoding = 4; lastKnownFileType = sourcecode.c.h; path = IWowDataRepository.h; sourceTree = "<group>"; };
		2C8FA2211A697D980087A879 /* MongoDbDataRepository.cpp */ = {isa = PBXFileReference; fileEncoding = 4; lastKnownFileType = sourcecode.cpp.cpp; path = MongoDbDataRepository.cpp; sourceTree = "<group>"; };
		2C8FA2221A697D980087A879 /* MongoDbDataRepository.h */ = {isa = PBXFileReference; fileEncoding = 4; lastKnownFileType = sourcecode.c.h; path = MongoDbDataRepository.h; sourceTree = "<group>"; };
		2C97184C1A51EBE0004ECF9B /* IDataLoader.h */ = {isa = PBXFileReference; lastKnownFileType = sourcecode.c.h; path = IDataLoader.h; sourceTree = "<group>"; };
		2CB2BBEF1A5058D800E1EDE3 /* Realm.h */ = {isa = PBXFileReference; fileEncoding = 4; lastKnownFileType = sourcecode.c.h; path = Realm.h; sourceTree = "<group>"; };
		2CDD47DA1A51EE85008F1097 /* BNetApiDataLoader.cpp */ = {isa = PBXFileReference; fileEncoding = 4; lastKnownFileType = sourcecode.cpp.cpp; path = BNetApiDataLoader.cpp; sourceTree = "<group>"; };
		2CDD47DB1A51EE85008F1097 /* BNetApiDataLoader.h */ = {isa = PBXFileReference; fileEncoding = 4; lastKnownFileType = sourcecode.c.h; path = BNetApiDataLoader.h; sourceTree = "<group>"; };
		2CF29E4E1A7958FC002C2E83 /* libmongoclient.a */ = {isa = PBXFileReference; lastKnownFileType = archive.ar; name = libmongoclient.a; path = "../../../../mongo-cxx-drv-new/mongo-cxx-driver-26compat/build/darwin/osx-version-min_10.9/use-system-boost/libmongoclient.a"; sourceTree = "<group>"; };
		E6C70DE41A6A7AA00009AE44 /* BatchLoadResult.h */ = {isa = PBXFileReference; lastKnownFileType = sourcecode.c.h; path = BatchLoadResult.h; sourceTree = "<group>"; };
/* End PBXFileReference section */

/* Begin PBXFrameworksBuildPhase section */
		2C2DF9E01A49F85F005E6547 /* Frameworks */ = {
			isa = PBXFrameworksBuildPhase;
			buildActionMask = 2147483647;
			files = (
				2CF29E4F1A7958FC002C2E83 /* libmongoclient.a in Frameworks */,
				2C28B1931A753D450059421D /* libboost_atomic.dylib in Frameworks */,
				2C28B1941A753D450059421D /* libboost_chrono.dylib in Frameworks */,
				2C28B1951A753D450059421D /* libboost_container.dylib in Frameworks */,
				2C28B1961A753D450059421D /* libboost_context.dylib in Frameworks */,
				2C28B1971A753D450059421D /* libboost_coroutine.dylib in Frameworks */,
				2C28B1981A753D450059421D /* libboost_date_time.dylib in Frameworks */,
				2C28B1991A753D450059421D /* libboost_filesystem.dylib in Frameworks */,
				2C28B19A1A753D450059421D /* libboost_graph.dylib in Frameworks */,
				2C28B19B1A753D450059421D /* libboost_iostreams.dylib in Frameworks */,
				2C28B19C1A753D450059421D /* libboost_locale.dylib in Frameworks */,
				2C28B19D1A753D450059421D /* libboost_log_setup.dylib in Frameworks */,
				2C28B19E1A753D450059421D /* libboost_log.dylib in Frameworks */,
				2C28B19F1A753D450059421D /* libboost_math_c99.dylib in Frameworks */,
				2C28B1A01A753D450059421D /* libboost_math_c99f.dylib in Frameworks */,
				2C28B1A11A753D450059421D /* libboost_math_c99l.dylib in Frameworks */,
				2C28B1A21A753D450059421D /* libboost_math_tr1.dylib in Frameworks */,
				2C28B1A31A753D450059421D /* libboost_math_tr1f.dylib in Frameworks */,
				2C28B1A41A753D450059421D /* libboost_math_tr1l.dylib in Frameworks */,
				2C28B1A51A753D450059421D /* libboost_prg_exec_monitor.dylib in Frameworks */,
				2C28B1A61A753D450059421D /* libboost_program_options.dylib in Frameworks */,
				2C28B1A71A753D450059421D /* libboost_python.dylib in Frameworks */,
				2C28B1A81A753D450059421D /* libboost_regex.dylib in Frameworks */,
				2C28B1A91A753D450059421D /* libboost_serialization.dylib in Frameworks */,
				2C28B1AA1A753D450059421D /* libboost_signals.dylib in Frameworks */,
				2C28B1AB1A753D450059421D /* libboost_thread.dylib in Frameworks */,
				2C28B1AC1A753D450059421D /* libboost_timer.dylib in Frameworks */,
				2C28B1AD1A753D450059421D /* libboost_wserialization.dylib in Frameworks */,
				2C3827241A6BFEC3004FBDBB /* libboost_random.dylib in Frameworks */,
				2C3827251A6BFEC3004FBDBB /* libboost_system.dylib in Frameworks */,
			);
			runOnlyForDeploymentPostprocessing = 0;
		};
/* End PBXFrameworksBuildPhase section */

/* Begin PBXGroup section */
		2C2DF9DA1A49F85F005E6547 = {
			isa = PBXGroup;
			children = (
				2CF29E4E1A7958FC002C2E83 /* libmongoclient.a */,
				2C28B1781A753D450059421D /* libboost_atomic.dylib */,
				2C28B1791A753D450059421D /* libboost_chrono.dylib */,
				2C28B17A1A753D450059421D /* libboost_container.dylib */,
				2C28B17B1A753D450059421D /* libboost_context.dylib */,
				2C28B17C1A753D450059421D /* libboost_coroutine.dylib */,
				2C28B17D1A753D450059421D /* libboost_date_time.dylib */,
				2C28B17E1A753D450059421D /* libboost_filesystem.dylib */,
				2C28B17F1A753D450059421D /* libboost_graph.dylib */,
				2C28B1801A753D450059421D /* libboost_iostreams.dylib */,
				2C28B1811A753D450059421D /* libboost_locale.dylib */,
				2C28B1821A753D450059421D /* libboost_log_setup.dylib */,
				2C28B1831A753D450059421D /* libboost_log.dylib */,
				2C28B1841A753D450059421D /* libboost_math_c99.dylib */,
				2C28B1851A753D450059421D /* libboost_math_c99f.dylib */,
				2C28B1861A753D450059421D /* libboost_math_c99l.dylib */,
				2C28B1871A753D450059421D /* libboost_math_tr1.dylib */,
				2C28B1881A753D450059421D /* libboost_math_tr1f.dylib */,
				2C28B1891A753D450059421D /* libboost_math_tr1l.dylib */,
				2C28B18A1A753D450059421D /* libboost_prg_exec_monitor.dylib */,
				2C28B18B1A753D450059421D /* libboost_program_options.dylib */,
				2C28B18C1A753D450059421D /* libboost_python.dylib */,
				2C28B18D1A753D450059421D /* libboost_regex.dylib */,
				2C28B18E1A753D450059421D /* libboost_serialization.dylib */,
				2C28B18F1A753D450059421D /* libboost_signals.dylib */,
				2C28B1901A753D450059421D /* libboost_thread.dylib */,
				2C28B1911A753D450059421D /* libboost_timer.dylib */,
				2C28B1921A753D450059421D /* libboost_wserialization.dylib */,
				2C3827221A6BFEC3004FBDBB /* libboost_random.dylib */,
				2C3827231A6BFEC3004FBDBB /* libboost_system.dylib */,
				2C2DF9E51A49F85F005E6547 /* WoWDataDownloader */,
				2C2DF9E41A49F85F005E6547 /* Products */,
			);
			sourceTree = "<group>";
		};
		2C2DF9E41A49F85F005E6547 /* Products */ = {
			isa = PBXGroup;
			children = (
				2C2DF9E31A49F85F005E6547 /* WoWDataDownloader */,
			);
			name = Products;
			sourceTree = "<group>";
		};
		2C2DF9E51A49F85F005E6547 /* WoWDataDownloader */ = {
			isa = PBXGroup;
			children = (
				2C1CEC791A66FB5100235592 /* bonusStats */,
				2C869B9A1A51ECF3004E4722 /* Impl */,
				2C97184B1A51DC23004ECF9B /* Abstractions */,
				2C8E86F21A4B444700620501 /* Entities */,
				2C2DF9E61A49F85F005E6547 /* main.cpp */,
			);
			path = WoWDataDownloader;
			sourceTree = "<group>";
		};
		2C4025451A9B83FD007EDE05 /* MongoHelpers */ = {
			isa = PBXGroup;
			children = (
				2C4025481A9B85B3007EDE05 /* MongoHelpers.h */,
			);
			name = MongoHelpers;
			sourceTree = "<group>";
		};
		2C869B9A1A51ECF3004E4722 /* Impl */ = {
			isa = PBXGroup;
			children = (
				2C4025451A9B83FD007EDE05 /* MongoHelpers */,
				2C619DC11A5329D0006C1222 /* RestClient.cpp */,
				2C619DC21A5329D0006C1222 /* RestClient.h */,
				2CDD47DA1A51EE85008F1097 /* BNetApiDataLoader.cpp */,
				2CDD47DB1A51EE85008F1097 /* BNetApiDataLoader.h */,
				2C53FDCF1A62998900DEC287 /* BoostJsonParser.cpp */,
				2C53FDD01A62998900DEC287 /* BoostJsonParser.h */,
				2C8FA2211A697D980087A879 /* MongoDbDataRepository.cpp */,
				2C8FA2221A697D980087A879 /* MongoDbDataRepository.h */,
			);
			name = Impl;
			sourceTree = "<group>";
		};
		2C8E86F21A4B444700620501 /* Entities */ = {
			isa = PBXGroup;
			children = (
				2C8E86F51A4B44E000620501 /* Item.h */,
				2CB2BBEF1A5058D800E1EDE3 /* Realm.h */,
				2C53FDCD1A6288EC00DEC287 /* RequestResult.h */,
				2C025A961A683F5300B2CF00 /* Dictionaries.h */,
				E6C70DE41A6A7AA00009AE44 /* BatchLoadResult.h */,
			);
			name = Entities;
			sourceTree = "<group>";
		};
		2C97184B1A51DC23004ECF9B /* Abstractions */ = {
			isa = PBXGroup;
			children = (
				2C97184C1A51EBE0004ECF9B /* IDataLoader.h */,
				2C619DC41A532B0B006C1222 /* IWebClient.h */,
				2C53FDCE1A6298EC00DEC287 /* IJsonParser.h */,
				2C8FA21F1A697CCB0087A879 /* IWowDataRepository.h */,
				2C5CAD5E1A6ED59000599AEF /* IAdminService.h */,
			);
			name = Abstractions;
			sourceTree = "<group>";
		};
/* End PBXGroup section */

/* Begin PBXNativeTarget section */
		2C2DF9E21A49F85F005E6547 /* WoWDataDownloader */ = {
			isa = PBXNativeTarget;
			buildConfigurationList = 2C2DF9EA1A49F85F005E6547 /* Build configuration list for PBXNativeTarget "WoWDataDownloader" */;
			buildPhases = (
				2C2DF9DF1A49F85F005E6547 /* Sources */,
				2C2DF9E01A49F85F005E6547 /* Frameworks */,
				2C2DF9E11A49F85F005E6547 /* CopyFiles */,
			);
			buildRules = (
			);
			dependencies = (
			);
			name = WoWDataDownloader;
			productName = WoWDataDownloader;
			productReference = 2C2DF9E31A49F85F005E6547 /* WoWDataDownloader */;
			productType = "com.apple.product-type.tool";
		};
/* End PBXNativeTarget section */

/* Begin PBXProject section */
		2C2DF9DB1A49F85F005E6547 /* Project object */ = {
			isa = PBXProject;
			attributes = {
				LastUpgradeCheck = 0610;
				ORGANIZATIONNAME = "Anton Bogushevsky";
				TargetAttributes = {
					2C2DF9E21A49F85F005E6547 = {
						CreatedOnToolsVersion = 6.1.1;
					};
				};
			};
			buildConfigurationList = 2C2DF9DE1A49F85F005E6547 /* Build configuration list for PBXProject "WoWDataDownloader" */;
			compatibilityVersion = "Xcode 3.2";
			developmentRegion = English;
			hasScannedForEncodings = 0;
			knownRegions = (
				en,
			);
			mainGroup = 2C2DF9DA1A49F85F005E6547;
			productRefGroup = 2C2DF9E41A49F85F005E6547 /* Products */;
			projectDirPath = "";
			projectRoot = "";
			targets = (
				2C2DF9E21A49F85F005E6547 /* WoWDataDownloader */,
			);
		};
/* End PBXProject section */

/* Begin PBXSourcesBuildPhase section */
		2C2DF9DF1A49F85F005E6547 /* Sources */ = {
			isa = PBXSourcesBuildPhase;
			buildActionMask = 2147483647;
			files = (
				2C619DC31A5329D0006C1222 /* RestClient.cpp in Sources */,
				2C53FDD11A62998900DEC287 /* BoostJsonParser.cpp in Sources */,
				2C8FA2231A697D980087A879 /* MongoDbDataRepository.cpp in Sources */,
				2C2DF9E71A49F85F005E6547 /* main.cpp in Sources */,
				2CDD47DC1A51EE85008F1097 /* BNetApiDataLoader.cpp in Sources */,
			);
			runOnlyForDeploymentPostprocessing = 0;
		};
/* End PBXSourcesBuildPhase section */

/* Begin XCBuildConfiguration section */
		2C2DF9E81A49F85F005E6547 /* Debug */ = {
			isa = XCBuildConfiguration;
			buildSettings = {
				ALWAYS_SEARCH_USER_PATHS = NO;
				CLANG_CXX_LANGUAGE_STANDARD = "gnu++0x";
				CLANG_CXX_LIBRARY = "libc++";
				CLANG_ENABLE_MODULES = YES;
				CLANG_ENABLE_OBJC_ARC = YES;
				CLANG_WARN_BOOL_CONVERSION = YES;
				CLANG_WARN_CONSTANT_CONVERSION = YES;
				CLANG_WARN_DIRECT_OBJC_ISA_USAGE = YES_ERROR;
				CLANG_WARN_EMPTY_BODY = YES;
				CLANG_WARN_ENUM_CONVERSION = YES;
				CLANG_WARN_INT_CONVERSION = YES;
				CLANG_WARN_OBJC_ROOT_CLASS = YES_ERROR;
				CLANG_WARN_UNREACHABLE_CODE = YES;
				CLANG_WARN__DUPLICATE_METHOD_MATCH = YES;
				COPY_PHASE_STRIP = NO;
				ENABLE_STRICT_OBJC_MSGSEND = YES;
				GCC_C_LANGUAGE_STANDARD = gnu99;
				GCC_DYNAMIC_NO_PIC = NO;
				GCC_OPTIMIZATION_LEVEL = 0;
				GCC_PREPROCESSOR_DEFINITIONS = (
					"DEBUG=1",
					"$(inherited)",
				);
				GCC_SYMBOLS_PRIVATE_EXTERN = NO;
				GCC_WARN_64_TO_32_BIT_CONVERSION = YES;
				GCC_WARN_ABOUT_RETURN_TYPE = YES_ERROR;
				GCC_WARN_UNDECLARED_SELECTOR = YES;
				GCC_WARN_UNINITIALIZED_AUTOS = YES_AGGRESSIVE;
				GCC_WARN_UNUSED_FUNCTION = YES;
				GCC_WARN_UNUSED_VARIABLE = YES;
				MACOSX_DEPLOYMENT_TARGET = 10.10;
				MTL_ENABLE_DEBUG_INFO = YES;
				ONLY_ACTIVE_ARCH = YES;
				SDKROOT = macosx;
			};
			name = Debug;
		};
		2C2DF9E91A49F85F005E6547 /* Release */ = {
			isa = XCBuildConfiguration;
			buildSettings = {
				ALWAYS_SEARCH_USER_PATHS = NO;
				CLANG_CXX_LANGUAGE_STANDARD = "gnu++0x";
				CLANG_CXX_LIBRARY = "libc++";
				CLANG_ENABLE_MODULES = YES;
				CLANG_ENABLE_OBJC_ARC = YES;
				CLANG_WARN_BOOL_CONVERSION = YES;
				CLANG_WARN_CONSTANT_CONVERSION = YES;
				CLANG_WARN_DIRECT_OBJC_ISA_USAGE = YES_ERROR;
				CLANG_WARN_EMPTY_BODY = YES;
				CLANG_WARN_ENUM_CONVERSION = YES;
				CLANG_WARN_INT_CONVERSION = YES;
				CLANG_WARN_OBJC_ROOT_CLASS = YES_ERROR;
				CLANG_WARN_UNREACHABLE_CODE = YES;
				CLANG_WARN__DUPLICATE_METHOD_MATCH = YES;
				COPY_PHASE_STRIP = YES;
				DEBUG_INFORMATION_FORMAT = "dwarf-with-dsym";
				ENABLE_NS_ASSERTIONS = NO;
				ENABLE_STRICT_OBJC_MSGSEND = YES;
				GCC_C_LANGUAGE_STANDARD = gnu99;
				GCC_WARN_64_TO_32_BIT_CONVERSION = YES;
				GCC_WARN_ABOUT_RETURN_TYPE = YES_ERROR;
				GCC_WARN_UNDECLARED_SELECTOR = YES;
				GCC_WARN_UNINITIALIZED_AUTOS = YES_AGGRESSIVE;
				GCC_WARN_UNUSED_FUNCTION = YES;
				GCC_WARN_UNUSED_VARIABLE = YES;
				MACOSX_DEPLOYMENT_TARGET = 10.10;
				MTL_ENABLE_DEBUG_INFO = NO;
				SDKROOT = macosx;
			};
			name = Release;
		};
		2C2DF9EB1A49F85F005E6547 /* Debug */ = {
			isa = XCBuildConfiguration;
			buildSettings = {
				HEADER_SEARCH_PATHS = (
					"$(inherited)",
					/Applications/Xcode.app/Contents/Developer/Toolchains/XcodeDefault.xctoolchain/usr/include,
					/usr/local/include,
					"/Users/NamelessOne/GitHub/mongo-cxx-drv-new/mongo-cxx-driver-26compat/src",
				);
				LIBRARY_SEARCH_PATHS = (
					"$(inherited)",
					/usr/local/lib,
					"/Users/NamelessOne/GitHub/mongo-cxx-drv-new/mongo-cxx-driver-26compat/build/darwin/osx-version-min_10.9/use-system-boost",
				);
				MACOSX_DEPLOYMENT_TARGET = 10.8;
				PRODUCT_NAME = "$(TARGET_NAME)";
				SDKROOT = macosx10.9;
			};
			name = Debug;
		};
		2C2DF9EC1A49F85F005E6547 /* Release */ = {
			isa = XCBuildConfiguration;
			buildSettings = {
				HEADER_SEARCH_PATHS = (
					"$(inherited)",
					/Applications/Xcode.app/Contents/Developer/Toolchains/XcodeDefault.xctoolchain/usr/include,
					/usr/local/include,
					"/Users/NamelessOne/GitHub/mongo-cxx-drv-new/mongo-cxx-driver-26compat/src",
				);
				LIBRARY_SEARCH_PATHS = (
					"$(inherited)",
					/usr/local/lib,
					"/Users/NamelessOne/GitHub/mongo-cxx-drv-new/mongo-cxx-driver-26compat/build/darwin/osx-version-min_10.9/use-system-boost",
				);
				MACOSX_DEPLOYMENT_TARGET = 10.8;
				PRODUCT_NAME = "$(TARGET_NAME)";
				SDKROOT = macosx10.9;
			};
			name = Release;
		};
/* End XCBuildConfiguration section */

/* Begin XCConfigurationList section */
		2C2DF9DE1A49F85F005E6547 /* Build configuration list for PBXProject "WoWDataDownloader" */ = {
			isa = XCConfigurationList;
			buildConfigurations = (
				2C2DF9E81A49F85F005E6547 /* Debug */,
				2C2DF9E91A49F85F005E6547 /* Release */,
			);
			defaultConfigurationIsVisible = 0;
			defaultConfigurationName = Release;
		};
		2C2DF9EA1A49F85F005E6547 /* Build configuration list for PBXNativeTarget "WoWDataDownloader" */ = {
			isa = XCConfigurationList;
			buildConfigurations = (
				2C2DF9EB1A49F85F005E6547 /* Debug */,
				2C2DF9EC1A49F85F005E6547 /* Release */,
			);
			defaultConfigurationIsVisible = 0;
			defaultConfigurationName = Release;
		};
/* End XCConfigurationList section */
	};
	rootObject = 2C2DF9DB1A49F85F005E6547 /* Project object */;
}
