// !$*UTF8*$!
{
	archiveVersion = 1;
	classes = {
	};
	objectVersion = 46;
	objects = {

/* Begin PBXBuildFile section */
		2C2DF9E71A49F85F005E6547 /* main.cpp in Sources */ = {isa = PBXBuildFile; fileRef = 2C2DF9E61A49F85F005E6547 /* main.cpp */; };
		2C619DC31A5329D0006C1222 /* RestClient.cpp in Sources */ = {isa = PBXBuildFile; fileRef = 2C619DC11A5329D0006C1222 /* RestClient.cpp */; };
		2C8E86F61A4B44E000620501 /* Item.cpp in Sources */ = {isa = PBXBuildFile; fileRef = 2C8E86F41A4B44E000620501 /* Item.cpp */; };
		2CB2BBF01A5058D800E1EDE3 /* Realm.cpp in Sources */ = {isa = PBXBuildFile; fileRef = 2CB2BBEE1A5058D800E1EDE3 /* Realm.cpp */; };
		2CDD47DC1A51EE85008F1097 /* BNetApiDataLoader.cpp in Sources */ = {isa = PBXBuildFile; fileRef = 2CDD47DA1A51EE85008F1097 /* BNetApiDataLoader.cpp */; };
		E66055A01A60355C00088056 /* libboost_regex.dylib in Frameworks */ = {isa = PBXBuildFile; fileRef = E660559F1A60355C00088056 /* libboost_regex.dylib */; };
		E66055A21A60357100088056 /* libboost_system.dylib in Frameworks */ = {isa = PBXBuildFile; fileRef = E66055A11A60357100088056 /* libboost_system.dylib */; };
		E66656231A571BB800DA71AF /* JsonParser.cpp in Sources */ = {isa = PBXBuildFile; fileRef = E66656211A571BB800DA71AF /* JsonParser.cpp */; };
/* End PBXBuildFile section */

/* Begin PBXCopyFilesBuildPhase section */
		2C2DF9E11A49F85F005E6547 /* CopyFiles */ = {
			isa = PBXCopyFilesBuildPhase;
			buildActionMask = 2147483647;
			dstPath = /usr/share/man/man1/;
			dstSubfolderSpec = 0;
			files = (
			);
			runOnlyForDeploymentPostprocessing = 1;
		};
/* End PBXCopyFilesBuildPhase section */

/* Begin PBXFileReference section */
		2C2DF9E31A49F85F005E6547 /* WoWDataDownloader */ = {isa = PBXFileReference; explicitFileType = "compiled.mach-o.executable"; includeInIndex = 0; path = WoWDataDownloader; sourceTree = BUILT_PRODUCTS_DIR; };
		2C2DF9E61A49F85F005E6547 /* main.cpp */ = {isa = PBXFileReference; lastKnownFileType = sourcecode.cpp.cpp; path = main.cpp; sourceTree = "<group>"; };
		2C619DC11A5329D0006C1222 /* RestClient.cpp */ = {isa = PBXFileReference; fileEncoding = 4; lastKnownFileType = sourcecode.cpp.cpp; path = RestClient.cpp; sourceTree = "<group>"; };
		2C619DC21A5329D0006C1222 /* RestClient.h */ = {isa = PBXFileReference; fileEncoding = 4; lastKnownFileType = sourcecode.c.h; path = RestClient.h; sourceTree = "<group>"; };
		2C619DC41A532B0B006C1222 /* IWebClient.h */ = {isa = PBXFileReference; lastKnownFileType = sourcecode.c.h; path = IWebClient.h; sourceTree = "<group>"; };
		2C8E86F41A4B44E000620501 /* Item.cpp */ = {isa = PBXFileReference; fileEncoding = 4; lastKnownFileType = sourcecode.cpp.cpp; path = Item.cpp; sourceTree = "<group>"; };
		2C8E86F51A4B44E000620501 /* Item.h */ = {isa = PBXFileReference; fileEncoding = 4; lastKnownFileType = sourcecode.c.h; path = Item.h; sourceTree = "<group>"; };
		2C97184C1A51EBE0004ECF9B /* IDataLoader.h */ = {isa = PBXFileReference; lastKnownFileType = sourcecode.c.h; path = IDataLoader.h; sourceTree = "<group>"; };
		2CB2BBEE1A5058D800E1EDE3 /* Realm.cpp */ = {isa = PBXFileReference; fileEncoding = 4; lastKnownFileType = sourcecode.cpp.cpp; path = Realm.cpp; sourceTree = "<group>"; };
		2CB2BBEF1A5058D800E1EDE3 /* Realm.h */ = {isa = PBXFileReference; fileEncoding = 4; lastKnownFileType = sourcecode.c.h; path = Realm.h; sourceTree = "<group>"; };
		2CDD47DA1A51EE85008F1097 /* BNetApiDataLoader.cpp */ = {isa = PBXFileReference; fileEncoding = 4; lastKnownFileType = sourcecode.cpp.cpp; path = BNetApiDataLoader.cpp; sourceTree = "<group>"; };
		2CDD47DB1A51EE85008F1097 /* BNetApiDataLoader.h */ = {isa = PBXFileReference; fileEncoding = 4; lastKnownFileType = sourcecode.c.h; path = BNetApiDataLoader.h; sourceTree = "<group>"; };
		E660559F1A60355C00088056 /* libboost_regex.dylib */ = {isa = PBXFileReference; lastKnownFileType = "compiled.mach-o.dylib"; name = libboost_regex.dylib; path = ../../../../../CPP/boost_1_57_0/stage/lib/libboost_regex.dylib; sourceTree = "<group>"; };
		E66055A11A60357100088056 /* libboost_system.dylib */ = {isa = PBXFileReference; lastKnownFileType = "compiled.mach-o.dylib"; name = libboost_system.dylib; path = ../../../../../CPP/boost_1_57_0/stage/lib/libboost_system.dylib; sourceTree = "<group>"; };
		E66656211A571BB800DA71AF /* JsonParser.cpp */ = {isa = PBXFileReference; fileEncoding = 4; lastKnownFileType = sourcecode.cpp.cpp; path = JsonParser.cpp; sourceTree = "<group>"; };
		E66656221A571BB800DA71AF /* JsonParser.h */ = {isa = PBXFileReference; fileEncoding = 4; lastKnownFileType = sourcecode.c.h; path = JsonParser.h; sourceTree = "<group>"; };
/* End PBXFileReference section */

/* Begin PBXFrameworksBuildPhase section */
		2C2DF9E01A49F85F005E6547 /* Frameworks */ = {
			isa = PBXFrameworksBuildPhase;
			buildActionMask = 2147483647;
			files = (
				E66055A21A60357100088056 /* libboost_system.dylib in Frameworks */,
				E66055A01A60355C00088056 /* libboost_regex.dylib in Frameworks */,
			);
			runOnlyForDeploymentPostprocessing = 0;
		};
/* End PBXFrameworksBuildPhase section */

/* Begin PBXGroup section */
		2C2DF9DA1A49F85F005E6547 = {
			isa = PBXGroup;
			children = (
				E66055A11A60357100088056 /* libboost_system.dylib */,
				E660559F1A60355C00088056 /* libboost_regex.dylib */,
				2C2DF9E51A49F85F005E6547 /* WoWDataDownloader */,
				2C2DF9E41A49F85F005E6547 /* Products */,
			);
			sourceTree = "<group>";
		};
		2C2DF9E41A49F85F005E6547 /* Products */ = {
			isa = PBXGroup;
			children = (
				2C2DF9E31A49F85F005E6547 /* WoWDataDownloader */,
			);
			name = Products;
			sourceTree = "<group>";
		};
		2C2DF9E51A49F85F005E6547 /* WoWDataDownloader */ = {
			isa = PBXGroup;
			children = (
				E66656201A571B8500DA71AF /* Json */,
				2C869B9A1A51ECF3004E4722 /* Impl */,
				2C97184B1A51DC23004ECF9B /* Abstractions */,
				2C8E86F21A4B444700620501 /* Entities */,
				2C2DF9E61A49F85F005E6547 /* main.cpp */,
			);
			path = WoWDataDownloader;
			sourceTree = "<group>";
		};
		2C869B9A1A51ECF3004E4722 /* Impl */ = {
			isa = PBXGroup;
			children = (
				2C619DC11A5329D0006C1222 /* RestClient.cpp */,
				2C619DC21A5329D0006C1222 /* RestClient.h */,
				2CDD47DA1A51EE85008F1097 /* BNetApiDataLoader.cpp */,
				2CDD47DB1A51EE85008F1097 /* BNetApiDataLoader.h */,
			);
			name = Impl;
			sourceTree = "<group>";
		};
		2C8E86F21A4B444700620501 /* Entities */ = {
			isa = PBXGroup;
			children = (
				2C8E86F41A4B44E000620501 /* Item.cpp */,
				2C8E86F51A4B44E000620501 /* Item.h */,
				2CB2BBEE1A5058D800E1EDE3 /* Realm.cpp */,
				2CB2BBEF1A5058D800E1EDE3 /* Realm.h */,
			);
			name = Entities;
			sourceTree = "<group>";
		};
		2C97184B1A51DC23004ECF9B /* Abstractions */ = {
			isa = PBXGroup;
			children = (
				2C97184C1A51EBE0004ECF9B /* IDataLoader.h */,
				2C619DC41A532B0B006C1222 /* IWebClient.h */,
			);
			name = Abstractions;
			sourceTree = "<group>";
		};
		E66656201A571B8500DA71AF /* Json */ = {
			isa = PBXGroup;
			children = (
				E66656211A571BB800DA71AF /* JsonParser.cpp */,
				E66656221A571BB800DA71AF /* JsonParser.h */,
			);
			name = Json;
			sourceTree = "<group>";
		};
/* End PBXGroup section */

/* Begin PBXNativeTarget section */
		2C2DF9E21A49F85F005E6547 /* WoWDataDownloader */ = {
			isa = PBXNativeTarget;
			buildConfigurationList = 2C2DF9EA1A49F85F005E6547 /* Build configuration list for PBXNativeTarget "WoWDataDownloader" */;
			buildPhases = (
				2C2DF9DF1A49F85F005E6547 /* Sources */,
				2C2DF9E01A49F85F005E6547 /* Frameworks */,
				2C2DF9E11A49F85F005E6547 /* CopyFiles */,
			);
			buildRules = (
			);
			dependencies = (
			);
			name = WoWDataDownloader;
			productName = WoWDataDownloader;
			productReference = 2C2DF9E31A49F85F005E6547 /* WoWDataDownloader */;
			productType = "com.apple.product-type.tool";
		};
/* End PBXNativeTarget section */

/* Begin PBXProject section */
		2C2DF9DB1A49F85F005E6547 /* Project object */ = {
			isa = PBXProject;
			attributes = {
				LastUpgradeCheck = 0610;
				ORGANIZATIONNAME = "Anton Bogushevsky";
				TargetAttributes = {
					2C2DF9E21A49F85F005E6547 = {
						CreatedOnToolsVersion = 6.1.1;
					};
				};
			};
			buildConfigurationList = 2C2DF9DE1A49F85F005E6547 /* Build configuration list for PBXProject "WoWDataDownloader" */;
			compatibilityVersion = "Xcode 3.2";
			developmentRegion = English;
			hasScannedForEncodings = 0;
			knownRegions = (
				en,
			);
			mainGroup = 2C2DF9DA1A49F85F005E6547;
			productRefGroup = 2C2DF9E41A49F85F005E6547 /* Products */;
			projectDirPath = "";
			projectRoot = "";
			targets = (
				2C2DF9E21A49F85F005E6547 /* WoWDataDownloader */,
			);
		};
/* End PBXProject section */

/* Begin PBXSourcesBuildPhase section */
		2C2DF9DF1A49F85F005E6547 /* Sources */ = {
			isa = PBXSourcesBuildPhase;
			buildActionMask = 2147483647;
			files = (
				2C619DC31A5329D0006C1222 /* RestClient.cpp in Sources */,
				2C8E86F61A4B44E000620501 /* Item.cpp in Sources */,
				E66656231A571BB800DA71AF /* JsonParser.cpp in Sources */,
				2C2DF9E71A49F85F005E6547 /* main.cpp in Sources */,
				2CDD47DC1A51EE85008F1097 /* BNetApiDataLoader.cpp in Sources */,
				2CB2BBF01A5058D800E1EDE3 /* Realm.cpp in Sources */,
			);
			runOnlyForDeploymentPostprocessing = 0;
		};
/* End PBXSourcesBuildPhase section */

/* Begin XCBuildConfiguration section */
		2C2DF9E81A49F85F005E6547 /* Debug */ = {
			isa = XCBuildConfiguration;
			buildSettings = {
				ALWAYS_SEARCH_USER_PATHS = NO;
				CLANG_CXX_LANGUAGE_STANDARD = "gnu++0x";
				CLANG_CXX_LIBRARY = "libc++";
				CLANG_ENABLE_MODULES = YES;
				CLANG_ENABLE_OBJC_ARC = YES;
				CLANG_WARN_BOOL_CONVERSION = YES;
				CLANG_WARN_CONSTANT_CONVERSION = YES;
				CLANG_WARN_DIRECT_OBJC_ISA_USAGE = YES_ERROR;
				CLANG_WARN_EMPTY_BODY = YES;
				CLANG_WARN_ENUM_CONVERSION = YES;
				CLANG_WARN_INT_CONVERSION = YES;
				CLANG_WARN_OBJC_ROOT_CLASS = YES_ERROR;
				CLANG_WARN_UNREACHABLE_CODE = YES;
				CLANG_WARN__DUPLICATE_METHOD_MATCH = YES;
				COPY_PHASE_STRIP = NO;
				ENABLE_STRICT_OBJC_MSGSEND = YES;
				GCC_C_LANGUAGE_STANDARD = gnu99;
				GCC_DYNAMIC_NO_PIC = NO;
				GCC_OPTIMIZATION_LEVEL = 0;
				GCC_PREPROCESSOR_DEFINITIONS = (
					"DEBUG=1",
					"$(inherited)",
				);
				GCC_SYMBOLS_PRIVATE_EXTERN = NO;
				GCC_WARN_64_TO_32_BIT_CONVERSION = YES;
				GCC_WARN_ABOUT_RETURN_TYPE = YES_ERROR;
				GCC_WARN_UNDECLARED_SELECTOR = YES;
				GCC_WARN_UNINITIALIZED_AUTOS = YES_AGGRESSIVE;
				GCC_WARN_UNUSED_FUNCTION = YES;
				GCC_WARN_UNUSED_VARIABLE = YES;
				MACOSX_DEPLOYMENT_TARGET = 10.10;
				MTL_ENABLE_DEBUG_INFO = YES;
				ONLY_ACTIVE_ARCH = YES;
				SDKROOT = macosx;
			};
			name = Debug;
		};
		2C2DF9E91A49F85F005E6547 /* Release */ = {
			isa = XCBuildConfiguration;
			buildSettings = {
				ALWAYS_SEARCH_USER_PATHS = NO;
				CLANG_CXX_LANGUAGE_STANDARD = "gnu++0x";
				CLANG_CXX_LIBRARY = "libc++";
				CLANG_ENABLE_MODULES = YES;
				CLANG_ENABLE_OBJC_ARC = YES;
				CLANG_WARN_BOOL_CONVERSION = YES;
				CLANG_WARN_CONSTANT_CONVERSION = YES;
				CLANG_WARN_DIRECT_OBJC_ISA_USAGE = YES_ERROR;
				CLANG_WARN_EMPTY_BODY = YES;
				CLANG_WARN_ENUM_CONVERSION = YES;
				CLANG_WARN_INT_CONVERSION = YES;
				CLANG_WARN_OBJC_ROOT_CLASS = YES_ERROR;
				CLANG_WARN_UNREACHABLE_CODE = YES;
				CLANG_WARN__DUPLICATE_METHOD_MATCH = YES;
				COPY_PHASE_STRIP = YES;
				DEBUG_INFORMATION_FORMAT = "dwarf-with-dsym";
				ENABLE_NS_ASSERTIONS = NO;
				ENABLE_STRICT_OBJC_MSGSEND = YES;
				GCC_C_LANGUAGE_STANDARD = gnu99;
				GCC_WARN_64_TO_32_BIT_CONVERSION = YES;
				GCC_WARN_ABOUT_RETURN_TYPE = YES_ERROR;
				GCC_WARN_UNDECLARED_SELECTOR = YES;
				GCC_WARN_UNINITIALIZED_AUTOS = YES_AGGRESSIVE;
				GCC_WARN_UNUSED_FUNCTION = YES;
				GCC_WARN_UNUSED_VARIABLE = YES;
				MACOSX_DEPLOYMENT_TARGET = 10.10;
				MTL_ENABLE_DEBUG_INFO = NO;
				SDKROOT = macosx;
			};
			name = Release;
		};
		2C2DF9EB1A49F85F005E6547 /* Debug */ = {
			isa = XCBuildConfiguration;
			buildSettings = {
				HEADER_SEARCH_PATHS = (
					"$(inherited)",
					/Applications/Xcode.app/Contents/Developer/Toolchains/XcodeDefault.xctoolchain/usr/include,
					/Users/namelessmobile/MacDevelopment/CPP/boost_1_57_0,
				);
				LIBRARY_SEARCH_PATHS = (
					"$(inherited)",
					/Users/namelessmobile/MacDevelopment/CppLibs/boost_1_55_0,
					/Users/namelessmobile/MacDevelopment/CPP/boost_1_57_0/stage/lib,
				);
				PRODUCT_NAME = "$(TARGET_NAME)";
				SDKROOT = macosx10.9;
			};
			name = Debug;
		};
		2C2DF9EC1A49F85F005E6547 /* Release */ = {
			isa = XCBuildConfiguration;
			buildSettings = {
				HEADER_SEARCH_PATHS = (
					"$(inherited)",
					/Applications/Xcode.app/Contents/Developer/Toolchains/XcodeDefault.xctoolchain/usr/include,
					/Users/namelessmobile/MacDevelopment/CPP/boost_1_57_0,
				);
				LIBRARY_SEARCH_PATHS = (
					"$(inherited)",
					/Users/namelessmobile/MacDevelopment/CppLibs/boost_1_55_0,
					/Users/namelessmobile/MacDevelopment/CPP/boost_1_57_0/stage/lib,
				);
				PRODUCT_NAME = "$(TARGET_NAME)";
				SDKROOT = macosx10.9;
			};
			name = Release;
		};
/* End XCBuildConfiguration section */

/* Begin XCConfigurationList section */
		2C2DF9DE1A49F85F005E6547 /* Build configuration list for PBXProject "WoWDataDownloader" */ = {
			isa = XCConfigurationList;
			buildConfigurations = (
				2C2DF9E81A49F85F005E6547 /* Debug */,
				2C2DF9E91A49F85F005E6547 /* Release */,
			);
			defaultConfigurationIsVisible = 0;
			defaultConfigurationName = Release;
		};
		2C2DF9EA1A49F85F005E6547 /* Build configuration list for PBXNativeTarget "WoWDataDownloader" */ = {
			isa = XCConfigurationList;
			buildConfigurations = (
				2C2DF9EB1A49F85F005E6547 /* Debug */,
				2C2DF9EC1A49F85F005E6547 /* Release */,
			);
			defaultConfigurationIsVisible = 0;
			defaultConfigurationName = Release;
		};
/* End XCConfigurationList section */
	};
	rootObject = 2C2DF9DB1A49F85F005E6547 /* Project object */;
}
